
Microsoft Visual Studio Solution File, Format Version 12.00
# Visual Studio Version 16
VisualStudioVersion = 16.0.29926.136
MinimumVisualStudioVersion = 10.0.40219.1
Project("{FAE04EC0-301F-11D3-BF4B-00C04F79EFBC}") = "Countries", "Countries\Countries.csproj", "{C26B0858-1BAD-4796-A4FB-E22CB065E41D}"
EndProject
Project("{54435603-DBB4-11D2-8724-00A0C9A8B90C}") = "CountriesInstaller", "CountriesInstaller\CountriesInstaller.vdproj", "{89DA39BC-D505-420B-96C2-A78F03FB47FB}"
EndProject
Global
	GlobalSection(SolutionConfigurationPlatforms) = preSolution
		Debug|Any CPU = Debug|Any CPU
		Release|Any CPU = Release|Any CPU
	EndGlobalSection
	GlobalSection(ProjectConfigurationPlatforms) = postSolution
		{C26B0858-1BAD-4796-A4FB-E22CB065E41D}.Debug|Any CPU.ActiveCfg = Debug|Any CPU
		{C26B0858-1BAD-4796-A4FB-E22CB065E41D}.Debug|Any CPU.Build.0 = Debug|Any CPU
		{C26B0858-1BAD-4796-A4FB-E22CB065E41D}.Release|Any CPU.ActiveCfg = Release|Any CPU
		{C26B0858-1BAD-4796-A4FB-E22CB065E41D}.Release|Any CPU.Build.0 = Release|Any CPU
		{89DA39BC-D505-420B-96C2-A78F03FB47FB}.Debug|Any CPU.ActiveCfg = Debug
		{89DA39BC-D505-420B-96C2-A78F03FB47FB}.Release|Any CPU.ActiveCfg = Release
	EndGlobalSection
	GlobalSection(SolutionProperties) = preSolution
		HideSolutionNode = FALSE
	EndGlobalSection
	GlobalSection(ExtensibilityGlobals) = postSolution
		SolutionGuid = {931A0891-1708-48BB-8DBE-792BDA9435D2}
	EndGlobalSection
EndGlobal
